// !$*UTF8*$!
{
	archiveVersion = 1;
	classes = {
	};
	objectVersion = 56;
	objects = {

/* Begin PBXBuildFile section */
		4651827C2AA29C6800F37D7A /* GradientButtonStyle.swift in Sources */ = {isa = PBXBuildFile; fileRef = 4651827B2AA29C6800F37D7A /* GradientButtonStyle.swift */; };
		4651827E2AA2A39700F37D7A /* CustomCircleView.swift in Sources */ = {isa = PBXBuildFile; fileRef = 4651827D2AA2A39700F37D7A /* CustomCircleView.swift */; };
		465182802AA2AA6E00F37D7A /* MotionAnimationView.swift in Sources */ = {isa = PBXBuildFile; fileRef = 4651827F2AA2AA6E00F37D7A /* MotionAnimationView.swift */; };
		46ABDE412AABD7D3002F8ACD /* SettingsView.swift in Sources */ = {isa = PBXBuildFile; fileRef = 46ABDE402AABD7D3002F8ACD /* SettingsView.swift */; };
		46ABDE432AABE006002F8ACD /* CustomListRowView.swift in Sources */ = {isa = PBXBuildFile; fileRef = 46ABDE422AABE006002F8ACD /* CustomListRowView.swift */; };
		46D196C22A9961AE0044E511 /* HikeApp.swift in Sources */ = {isa = PBXBuildFile; fileRef = 46D196C12A9961AE0044E511 /* HikeApp.swift */; };
		46D196C42A9961AE0044E511 /* ContentView.swift in Sources */ = {isa = PBXBuildFile; fileRef = 46D196C32A9961AE0044E511 /* ContentView.swift */; };
		46D196C62A9961B20044E511 /* Assets.xcassets in Resources */ = {isa = PBXBuildFile; fileRef = 46D196C52A9961B20044E511 /* Assets.xcassets */; };
		46D196C92A9961B20044E511 /* Preview Assets.xcassets in Resources */ = {isa = PBXBuildFile; fileRef = 46D196C82A9961B20044E511 /* Preview Assets.xcassets */; };
		46D196D22A9963C20044E511 /* CardView.swift in Sources */ = {isa = PBXBuildFile; fileRef = 46D196D12A9963C20044E511 /* CardView.swift */; };
		46D196D52A9965E30044E511 /* CustomBackgroundView.swift in Sources */ = {isa = PBXBuildFile; fileRef = 46D196D42A9965E30044E511 /* CustomBackgroundView.swift */; };
		46D196D82A9968960044E511 /* ColorExtension.swift in Sources */ = {isa = PBXBuildFile; fileRef = 46D196D72A9968960044E511 /* ColorExtension.swift */; };
		46D196DA2A996F990044E511 /* CustomButtonView.swift in Sources */ = {isa = PBXBuildFile; fileRef = 46D196D92A996F990044E511 /* CustomButtonView.swift */; };
/* End PBXBuildFile section */

/* Begin PBXFileReference section */
		4651827B2AA29C6800F37D7A /* GradientButtonStyle.swift */ = {isa = PBXFileReference; lastKnownFileType = sourcecode.swift; path = GradientButtonStyle.swift; sourceTree = "<group>"; };
		4651827D2AA2A39700F37D7A /* CustomCircleView.swift */ = {isa = PBXFileReference; lastKnownFileType = sourcecode.swift; path = CustomCircleView.swift; sourceTree = "<group>"; };
		4651827F2AA2AA6E00F37D7A /* MotionAnimationView.swift */ = {isa = PBXFileReference; lastKnownFileType = sourcecode.swift; path = MotionAnimationView.swift; sourceTree = "<group>"; };
		46ABDE402AABD7D3002F8ACD /* SettingsView.swift */ = {isa = PBXFileReference; lastKnownFileType = sourcecode.swift; path = SettingsView.swift; sourceTree = "<group>"; };
		46ABDE422AABE006002F8ACD /* CustomListRowView.swift */ = {isa = PBXFileReference; lastKnownFileType = sourcecode.swift; path = CustomListRowView.swift; sourceTree = "<group>"; };
		46D196BE2A9961AE0044E511 /* Hike.app */ = {isa = PBXFileReference; explicitFileType = wrapper.application; includeInIndex = 0; path = Hike.app; sourceTree = BUILT_PRODUCTS_DIR; };
		46D196C12A9961AE0044E511 /* HikeApp.swift */ = {isa = PBXFileReference; lastKnownFileType = sourcecode.swift; path = HikeApp.swift; sourceTree = "<group>"; };
		46D196C32A9961AE0044E511 /* ContentView.swift */ = {isa = PBXFileReference; lastKnownFileType = sourcecode.swift; path = ContentView.swift; sourceTree = "<group>"; };
		46D196C52A9961B20044E511 /* Assets.xcassets */ = {isa = PBXFileReference; lastKnownFileType = folder.assetcatalog; path = Assets.xcassets; sourceTree = "<group>"; };
		46D196C82A9961B20044E511 /* Preview Assets.xcassets */ = {isa = PBXFileReference; lastKnownFileType = folder.assetcatalog; path = "Preview Assets.xcassets"; sourceTree = "<group>"; };
		46D196D12A9963C20044E511 /* CardView.swift */ = {isa = PBXFileReference; lastKnownFileType = sourcecode.swift; path = CardView.swift; sourceTree = "<group>"; };
		46D196D42A9965E30044E511 /* CustomBackgroundView.swift */ = {isa = PBXFileReference; lastKnownFileType = sourcecode.swift; path = CustomBackgroundView.swift; sourceTree = "<group>"; };
		46D196D72A9968960044E511 /* ColorExtension.swift */ = {isa = PBXFileReference; lastKnownFileType = sourcecode.swift; path = ColorExtension.swift; sourceTree = "<group>"; };
		46D196D92A996F990044E511 /* CustomButtonView.swift */ = {isa = PBXFileReference; lastKnownFileType = sourcecode.swift; path = CustomButtonView.swift; sourceTree = "<group>"; };
/* End PBXFileReference section */

/* Begin PBXFrameworksBuildPhase section */
		46D196BB2A9961AE0044E511 /* Frameworks */ = {
			isa = PBXFrameworksBuildPhase;
			buildActionMask = 2147483647;
			files = (
			);
			runOnlyForDeploymentPostprocessing = 0;
		};
/* End PBXFrameworksBuildPhase section */

/* Begin PBXGroup section */
		46ABDE3F2AABD79F002F8ACD /* Screen */ = {
			isa = PBXGroup;
			children = (
				46D196C32A9961AE0044E511 /* ContentView.swift */,
				46ABDE402AABD7D3002F8ACD /* SettingsView.swift */,
			);
			path = Screen;
			sourceTree = "<group>";
		};
		46D196B52A9961AE0044E511 = {
			isa = PBXGroup;
			children = (
				46D196C02A9961AE0044E511 /* Hike */,
				46D196BF2A9961AE0044E511 /* Products */,
			);
			sourceTree = "<group>";
		};
		46D196BF2A9961AE0044E511 /* Products */ = {
			isa = PBXGroup;
			children = (
				46D196BE2A9961AE0044E511 /* Hike.app */,
			);
			name = Products;
			sourceTree = "<group>";
		};
		46D196C02A9961AE0044E511 /* Hike */ = {
			isa = PBXGroup;
			children = (
				46D196D62A99684D0044E511 /* Utility */,
				46D196C12A9961AE0044E511 /* HikeApp.swift */,
				46D196D32A9965A70044E511 /* Component */,
				46ABDE3F2AABD79F002F8ACD /* Screen */,
				46D196C52A9961B20044E511 /* Assets.xcassets */,
				46D196C72A9961B20044E511 /* Preview Content */,
			);
			path = Hike;
			sourceTree = "<group>";
		};
		46D196C72A9961B20044E511 /* Preview Content */ = {
			isa = PBXGroup;
			children = (
				46D196C82A9961B20044E511 /* Preview Assets.xcassets */,
			);
			path = "Preview Content";
			sourceTree = "<group>";
		};
		46D196D32A9965A70044E511 /* Component */ = {
			isa = PBXGroup;
			children = (
				46D196D12A9963C20044E511 /* CardView.swift */,
				46D196D42A9965E30044E511 /* CustomBackgroundView.swift */,
				46D196D92A996F990044E511 /* CustomButtonView.swift */,
				4651827D2AA2A39700F37D7A /* CustomCircleView.swift */,
				4651827F2AA2AA6E00F37D7A /* MotionAnimationView.swift */,
				46ABDE422AABE006002F8ACD /* CustomListRowView.swift */,
			);
			path = Component;
			sourceTree = "<group>";
		};
		46D196D62A99684D0044E511 /* Utility */ = {
			isa = PBXGroup;
			children = (
				46D196D72A9968960044E511 /* ColorExtension.swift */,
				4651827B2AA29C6800F37D7A /* GradientButtonStyle.swift */,
			);
			name = Utility;
			sourceTree = "<group>";
		};
/* End PBXGroup section */

/* Begin PBXNativeTarget section */
		46D196BD2A9961AE0044E511 /* Hike */ = {
			isa = PBXNativeTarget;
			buildConfigurationList = 46D196CC2A9961B20044E511 /* Build configuration list for PBXNativeTarget "Hike" */;
			buildPhases = (
				46D196BA2A9961AE0044E511 /* Sources */,
				46D196BB2A9961AE0044E511 /* Frameworks */,
				46D196BC2A9961AE0044E511 /* Resources */,
			);
			buildRules = (
			);
			dependencies = (
			);
			name = Hike;
			productName = Hike;
			productReference = 46D196BE2A9961AE0044E511 /* Hike.app */;
			productType = "com.apple.product-type.application";
		};
/* End PBXNativeTarget section */

/* Begin PBXProject section */
		46D196B62A9961AE0044E511 /* Project object */ = {
			isa = PBXProject;
			attributes = {
				BuildIndependentTargetsInParallel = 1;
				LastSwiftUpdateCheck = 1420;
				LastUpgradeCheck = 1420;
				TargetAttributes = {
					46D196BD2A9961AE0044E511 = {
						CreatedOnToolsVersion = 14.2;
					};
				};
			};
			buildConfigurationList = 46D196B92A9961AE0044E511 /* Build configuration list for PBXProject "Hike" */;
			compatibilityVersion = "Xcode 14.0";
			developmentRegion = en;
			hasScannedForEncodings = 0;
			knownRegions = (
				en,
				Base,
			);
			mainGroup = 46D196B52A9961AE0044E511;
			productRefGroup = 46D196BF2A9961AE0044E511 /* Products */;
			projectDirPath = "";
			projectRoot = "";
			targets = (
				46D196BD2A9961AE0044E511 /* Hike */,
			);
		};
/* End PBXProject section */

/* Begin PBXResourcesBuildPhase section */
		46D196BC2A9961AE0044E511 /* Resources */ = {
			isa = PBXResourcesBuildPhase;
			buildActionMask = 2147483647;
			files = (
				46D196C92A9961B20044E511 /* Preview Assets.xcassets in Resources */,
				46D196C62A9961B20044E511 /* Assets.xcassets in Resources */,
			);
			runOnlyForDeploymentPostprocessing = 0;
		};
/* End PBXResourcesBuildPhase section */

/* Begin PBXSourcesBuildPhase section */
		46D196BA2A9961AE0044E511 /* Sources */ = {
			isa = PBXSourcesBuildPhase;
			buildActionMask = 2147483647;
			files = (
				46D196C42A9961AE0044E511 /* ContentView.swift in Sources */,
				4651827E2AA2A39700F37D7A /* CustomCircleView.swift in Sources */,
				46ABDE432AABE006002F8ACD /* CustomListRowView.swift in Sources */,
				46D196D22A9963C20044E511 /* CardView.swift in Sources */,
				46D196C22A9961AE0044E511 /* HikeApp.swift in Sources */,
				46D196DA2A996F990044E511 /* CustomButtonView.swift in Sources */,
				46ABDE412AABD7D3002F8ACD /* SettingsView.swift in Sources */,
				4651827C2AA29C6800F37D7A /* GradientButtonStyle.swift in Sources */,
				465182802AA2AA6E00F37D7A /* MotionAnimationView.swift in Sources */,
				46D196D52A9965E30044E511 /* CustomBackgroundView.swift in Sources */,
				46D196D82A9968960044E511 /* ColorExtension.swift in Sources */,
			);
			runOnlyForDeploymentPostprocessing = 0;
		};
/* End PBXSourcesBuildPhase section */

/* Begin XCBuildConfiguration section */
		46D196CA2A9961B20044E511 /* Debug */ = {
			isa = XCBuildConfiguration;
			buildSettings = {
				ALWAYS_SEARCH_USER_PATHS = NO;
				CLANG_ANALYZER_NONNULL = YES;
				CLANG_ANALYZER_NUMBER_OBJECT_CONVERSION = YES_AGGRESSIVE;
				CLANG_CXX_LANGUAGE_STANDARD = "gnu++20";
				CLANG_ENABLE_MODULES = YES;
				CLANG_ENABLE_OBJC_ARC = YES;
				CLANG_ENABLE_OBJC_WEAK = YES;
				CLANG_WARN_BLOCK_CAPTURE_AUTORELEASING = YES;
				CLANG_WARN_BOOL_CONVERSION = YES;
				CLANG_WARN_COMMA = YES;
				CLANG_WARN_CONSTANT_CONVERSION = YES;
				CLANG_WARN_DEPRECATED_OBJC_IMPLEMENTATIONS = YES;
				CLANG_WARN_DIRECT_OBJC_ISA_USAGE = YES_ERROR;
				CLANG_WARN_DOCUMENTATION_COMMENTS = YES;
				CLANG_WARN_EMPTY_BODY = YES;
				CLANG_WARN_ENUM_CONVERSION = YES;
				CLANG_WARN_INFINITE_RECURSION = YES;
				CLANG_WARN_INT_CONVERSION = YES;
				CLANG_WARN_NON_LITERAL_NULL_CONVERSION = YES;
				CLANG_WARN_OBJC_IMPLICIT_RETAIN_SELF = YES;
				CLANG_WARN_OBJC_LITERAL_CONVERSION = YES;
				CLANG_WARN_OBJC_ROOT_CLASS = YES_ERROR;
				CLANG_WARN_QUOTED_INCLUDE_IN_FRAMEWORK_HEADER = YES;
				CLANG_WARN_RANGE_LOOP_ANALYSIS = YES;
				CLANG_WARN_STRICT_PROTOTYPES = YES;
				CLANG_WARN_SUSPICIOUS_MOVE = YES;
				CLANG_WARN_UNGUARDED_AVAILABILITY = YES_AGGRESSIVE;
				CLANG_WARN_UNREACHABLE_CODE = YES;
				CLANG_WARN__DUPLICATE_METHOD_MATCH = YES;
				COPY_PHASE_STRIP = NO;
				DEBUG_INFORMATION_FORMAT = dwarf;
				ENABLE_STRICT_OBJC_MSGSEND = YES;
				ENABLE_TESTABILITY = YES;
				GCC_C_LANGUAGE_STANDARD = gnu11;
				GCC_DYNAMIC_NO_PIC = NO;
				GCC_NO_COMMON_BLOCKS = YES;
				GCC_OPTIMIZATION_LEVEL = 0;
				GCC_PREPROCESSOR_DEFINITIONS = (
					"DEBUG=1",
					"$(inherited)",
				);
				GCC_WARN_64_TO_32_BIT_CONVERSION = YES;
				GCC_WARN_ABOUT_RETURN_TYPE = YES_ERROR;
				GCC_WARN_UNDECLARED_SELECTOR = YES;
				GCC_WARN_UNINITIALIZED_AUTOS = YES_AGGRESSIVE;
				GCC_WARN_UNUSED_FUNCTION = YES;
				GCC_WARN_UNUSED_VARIABLE = YES;
				IPHONEOS_DEPLOYMENT_TARGET = 16.2;
				MTL_ENABLE_DEBUG_INFO = INCLUDE_SOURCE;
				MTL_FAST_MATH = YES;
				ONLY_ACTIVE_ARCH = YES;
				SDKROOT = iphoneos;
				SWIFT_ACTIVE_COMPILATION_CONDITIONS = DEBUG;
				SWIFT_OPTIMIZATION_LEVEL = "-Onone";
			};
			name = Debug;
		};
		46D196CB2A9961B20044E511 /* Release */ = {
			isa = XCBuildConfiguration;
			buildSettings = {
				ALWAYS_SEARCH_USER_PATHS = NO;
				CLANG_ANALYZER_NONNULL = YES;
				CLANG_ANALYZER_NUMBER_OBJECT_CONVERSION = YES_AGGRESSIVE;
				CLANG_CXX_LANGUAGE_STANDARD = "gnu++20";
				CLANG_ENABLE_MODULES = YES;
				CLANG_ENABLE_OBJC_ARC = YES;
				CLANG_ENABLE_OBJC_WEAK = YES;
				CLANG_WARN_BLOCK_CAPTURE_AUTORELEASING = YES;
				CLANG_WARN_BOOL_CONVERSION = YES;
				CLANG_WARN_COMMA = YES;
				CLANG_WARN_CONSTANT_CONVERSION = YES;
				CLANG_WARN_DEPRECATED_OBJC_IMPLEMENTATIONS = YES;
				CLANG_WARN_DIRECT_OBJC_ISA_USAGE = YES_ERROR;
				CLANG_WARN_DOCUMENTATION_COMMENTS = YES;
				CLANG_WARN_EMPTY_BODY = YES;
				CLANG_WARN_ENUM_CONVERSION = YES;
				CLANG_WARN_INFINITE_RECURSION = YES;
				CLANG_WARN_INT_CONVERSION = YES;
				CLANG_WARN_NON_LITERAL_NULL_CONVERSION = YES;
				CLANG_WARN_OBJC_IMPLICIT_RETAIN_SELF = YES;
				CLANG_WARN_OBJC_LITERAL_CONVERSION = YES;
				CLANG_WARN_OBJC_ROOT_CLASS = YES_ERROR;
				CLANG_WARN_QUOTED_INCLUDE_IN_FRAMEWORK_HEADER = YES;
				CLANG_WARN_RANGE_LOOP_ANALYSIS = YES;
				CLANG_WARN_STRICT_PROTOTYPES = YES;
				CLANG_WARN_SUSPICIOUS_MOVE = YES;
				CLANG_WARN_UNGUARDED_AVAILABILITY = YES_AGGRESSIVE;
				CLANG_WARN_UNREACHABLE_CODE = YES;
				CLANG_WARN__DUPLICATE_METHOD_MATCH = YES;
				COPY_PHASE_STRIP = NO;
				DEBUG_INFORMATION_FORMAT = "dwarf-with-dsym";
				ENABLE_NS_ASSERTIONS = NO;
				ENABLE_STRICT_OBJC_MSGSEND = YES;
				GCC_C_LANGUAGE_STANDARD = gnu11;
				GCC_NO_COMMON_BLOCKS = YES;
				GCC_WARN_64_TO_32_BIT_CONVERSION = YES;
				GCC_WARN_ABOUT_RETURN_TYPE = YES_ERROR;
				GCC_WARN_UNDECLARED_SELECTOR = YES;
				GCC_WARN_UNINITIALIZED_AUTOS = YES_AGGRESSIVE;
				GCC_WARN_UNUSED_FUNCTION = YES;
				GCC_WARN_UNUSED_VARIABLE = YES;
				IPHONEOS_DEPLOYMENT_TARGET = 16.2;
				MTL_ENABLE_DEBUG_INFO = NO;
				MTL_FAST_MATH = YES;
				SDKROOT = iphoneos;
				SWIFT_COMPILATION_MODE = wholemodule;
				SWIFT_OPTIMIZATION_LEVEL = "-O";
				VALIDATE_PRODUCT = YES;
			};
			name = Release;
		};
		46D196CD2A9961B20044E511 /* Debug */ = {
			isa = XCBuildConfiguration;
			buildSettings = {
				ASSETCATALOG_COMPILER_ALTERNATE_APPICON_NAMES = "AppIcon-MagnifyingGlass AppIcon-Map AppIcon-Mushroom AppIcon-Camera AppIcon-Backpack AppIcon-Campfire";
				ASSETCATALOG_COMPILER_APPICON_NAME = AppIcon;
				ASSETCATALOG_COMPILER_GLOBAL_ACCENT_COLOR_NAME = AccentColor;
				ASSETCATALOG_COMPILER_INCLUDE_ALL_APPICON_ASSETS = YES;
				CODE_SIGN_STYLE = Automatic;
				CURRENT_PROJECT_VERSION = 1;
				DEVELOPMENT_ASSET_PATHS = "\"Hike/Preview Content\"";
				ENABLE_PREVIEWS = YES;
				GENERATE_INFOPLIST_FILE = YES;
				INFOPLIST_KEY_UIApplicationSceneManifest_Generation = YES;
				INFOPLIST_KEY_UIApplicationSupportsIndirectInputEvents = YES;
				INFOPLIST_KEY_UILaunchScreen_Generation = YES;
				INFOPLIST_KEY_UISupportedInterfaceOrientations_iPad = "UIInterfaceOrientationPortrait UIInterfaceOrientationPortraitUpsideDown UIInterfaceOrientationLandscapeLeft UIInterfaceOrientationLandscapeRight";
				INFOPLIST_KEY_UISupportedInterfaceOrientations_iPhone = "UIInterfaceOrientationPortrait UIInterfaceOrientationLandscapeLeft UIInterfaceOrientationLandscapeRight";
				LD_RUNPATH_SEARCH_PATHS = (
					"$(inherited)",
					"@executable_path/Frameworks",
				);
				MARKETING_VERSION = 1.0;
				PRODUCT_BUNDLE_IDENTIFIER = com.sergio.Hike;
				PRODUCT_NAME = "$(TARGET_NAME)";
				SWIFT_EMIT_LOC_STRINGS = YES;
				SWIFT_VERSION = 5.0;
				TARGETED_DEVICE_FAMILY = "1,2";
			};
			name = Debug;
		};
		46D196CE2A9961B20044E511 /* Release */ = {
			isa = XCBuildConfiguration;
			buildSettings = {
				ASSETCATALOG_COMPILER_ALTERNATE_APPICON_NAMES = "AppIcon-MagnifyingGlass AppIcon-Map AppIcon-Mushroom AppIcon-Camera AppIcon-Backpack AppIcon-Campfire";
				ASSETCATALOG_COMPILER_APPICON_NAME = AppIcon;
				ASSETCATALOG_COMPILER_GLOBAL_ACCENT_COLOR_NAME = AccentColor;
				ASSETCATALOG_COMPILER_INCLUDE_ALL_APPICON_ASSETS = YES;
				CODE_SIGN_STYLE = Automatic;
				CURRENT_PROJECT_VERSION = 1;
				DEVELOPMENT_ASSET_PATHS = "\"Hike/Preview Content\"";
				ENABLE_PREVIEWS = YES;
				GENERATE_INFOPLIST_FILE = YES;
				INFOPLIST_KEY_UIApplicationSceneManifest_Generation = YES;
				INFOPLIST_KEY_UIApplicationSupportsIndirectInputEvents = YES;
				INFOPLIST_KEY_UILaunchScreen_Generation = YES;
				INFOPLIST_KEY_UISupportedInterfaceOrientations_iPad = "UIInterfaceOrientationPortrait UIInterfaceOrientationPortraitUpsideDown UIInterfaceOrientationLandscapeLeft UIInterfaceOrientationLandscapeRight";
				INFOPLIST_KEY_UISupportedInterfaceOrientations_iPhone = "UIInterfaceOrientationPortrait UIInterfaceOrientationLandscapeLeft UIInterfaceOrientationLandscapeRight";
				LD_RUNPATH_SEARCH_PATHS = (
					"$(inherited)",
					"@executable_path/Frameworks",
				);
				MARKETING_VERSION = 1.0;
				PRODUCT_BUNDLE_IDENTIFIER = com.sergio.Hike;
				PRODUCT_NAME = "$(TARGET_NAME)";
				SWIFT_EMIT_LOC_STRINGS = YES;
				SWIFT_VERSION = 5.0;
				TARGETED_DEVICE_FAMILY = "1,2";
			};
			name = Release;
		};
/* End XCBuildConfiguration section */

/* Begin XCConfigurationList section */
		46D196B92A9961AE0044E511 /* Build configuration list for PBXProject "Hike" */ = {
			isa = XCConfigurationList;
			buildConfigurations = (
				46D196CA2A9961B20044E511 /* Debug */,
				46D196CB2A9961B20044E511 /* Release */,
			);
			defaultConfigurationIsVisible = 0;
			defaultConfigurationName = Release;
		};
		46D196CC2A9961B20044E511 /* Build configuration list for PBXNativeTarget "Hike" */ = {
			isa = XCConfigurationList;
			buildConfigurations = (
				46D196CD2A9961B20044E511 /* Debug */,
				46D196CE2A9961B20044E511 /* Release */,
			);
			defaultConfigurationIsVisible = 0;
			defaultConfigurationName = Release;
		};
/* End XCConfigurationList section */
	};
	rootObject = 46D196B62A9961AE0044E511 /* Project object */;
}
